{
  "name": "@carlos-carvajal-sf/test",
  "version": "1.0.2",
  "lockfileVersion": 2,
  "requires": true,
  "packages": {
    "": {
      "name": "@carlos-carvajal-sf/test",
      "version": "1.0.2",
      "license": "ISC",
      "dependencies": {
        "@carlos-carvajal-sf/test": "^1.0.0"
      }
    },
    "node_modules/@carlos-carvajal-sf/test": {
      "version": "1.0.0",
      "resolved": "https://npm.pkg.github.com/download/@carlos-carvajal-sf/test/1.0.0/d608e835b13afce22901b9333f0c3fa5c16ee1dc057d48281780d708fdc292d8",
      "integrity": "sha512-SP9XVDg02tWGHSRRsq5/RJ44rT6Yigl/ina6Jl/bT+1R6GJ8LmHcZQeZT8Mbr/2zMq3G7UEmu/s9TjXC5sYikg==",
      "license": "ISC"
    }
  },
  "dependencies": {
    "@carlos-carvajal-sf/test": {
      "version": "1.0.0",
      "resolved": "https://npm.pkg.github.com/download/@carlos-carvajal-sf/test/1.0.0/d608e835b13afce22901b9333f0c3fa5c16ee1dc057d48281780d708fdc292d8",
      "integrity": "sha512-SP9XVDg02tWGHSRRsq5/RJ44rT6Yigl/ina6Jl/bT+1R6GJ8LmHcZQeZT8Mbr/2zMq3G7UEmu/s9TjXC5sYikg=="
    }
  }
}
